
Microsoft Visual Studio Solution File, Format Version 12.00
# Visual Studio Version 17
VisualStudioVersion = 17.2.32526.322
MinimumVisualStudioVersion = 10.0.40219.1
Project("{FAE04EC0-301F-11D3-BF4B-00C04F79EFBC}") = "attempt1", "attempt1\attempt1.csproj", "{751C5C00-B16E-491A-BB4A-09D36EC44599}"
EndProject
Global
	GlobalSection(SolutionConfigurationPlatforms) = preSolution
		Debug|Any CPU = Debug|Any CPU
		Release|Any CPU = Release|Any CPU
	EndGlobalSection
	GlobalSection(ProjectConfigurationPlatforms) = postSolution
		{751C5C00-B16E-491A-BB4A-09D36EC44599}.Debug|Any CPU.ActiveCfg = Debug|Any CPU
		{751C5C00-B16E-491A-BB4A-09D36EC44599}.Debug|Any CPU.Build.0 = Debug|Any CPU
		{751C5C00-B16E-491A-BB4A-09D36EC44599}.Release|Any CPU.ActiveCfg = Release|Any CPU
		{751C5C00-B16E-491A-BB4A-09D36EC44599}.Release|Any CPU.Build.0 = Release|Any CPU
	EndGlobalSection
	GlobalSection(SolutionProperties) = preSolution
		HideSolutionNode = FALSE
	EndGlobalSection
	GlobalSection(ExtensibilityGlobals) = postSolution
		SolutionGuid = {C929EC50-A41D-475B-B62D-04803895F1FF}
	EndGlobalSection
EndGlobal
